
Microsoft Visual Studio Solution File, Format Version 12.00
# Visual Studio Version 17
VisualStudioVersion = 17.5.33627.172
MinimumVisualStudioVersion = 10.0.40219.1
Project("{9A19103F-16F7-4668-BE54-9A1E7A4F7556}") = "Operators", "Operators\Operators.csproj", "{79CC2F1A-6661-4109-A60E-8DE00C09FF09}"
EndProject
Project("{9A19103F-16F7-4668-BE54-9A1E7A4F7556}") = "Arrays", "Arrays\Arrays.csproj", "{D51786A3-790D-4D0D-B800-79800F2914A1}"
EndProject
Project("{9A19103F-16F7-4668-BE54-9A1E7A4F7556}") = "CastingConverting", "CastingConverting\CastingConverting.csproj", "{55852763-C366-4D77-B624-E39E75BFF8D2}"
EndProject
Project("{FAE04EC0-301F-11D3-BF4B-00C04F79EFBC}") = "HandlingExceptions", "HandlingExceptions\HandlingExceptions.csproj", "{6B7F6730-73FE-43E8-9848-6A5B1460FB02}"
EndProject
Global
	GlobalSection(SolutionConfigurationPlatforms) = preSolution
		Debug|Any CPU = Debug|Any CPU
		Release|Any CPU = Release|Any CPU
	EndGlobalSection
	GlobalSection(ProjectConfigurationPlatforms) = postSolution
		{79CC2F1A-6661-4109-A60E-8DE00C09FF09}.Debug|Any CPU.ActiveCfg = Debug|Any CPU
		{79CC2F1A-6661-4109-A60E-8DE00C09FF09}.Debug|Any CPU.Build.0 = Debug|Any CPU
		{79CC2F1A-6661-4109-A60E-8DE00C09FF09}.Release|Any CPU.ActiveCfg = Release|Any CPU
		{79CC2F1A-6661-4109-A60E-8DE00C09FF09}.Release|Any CPU.Build.0 = Release|Any CPU
		{D51786A3-790D-4D0D-B800-79800F2914A1}.Debug|Any CPU.ActiveCfg = Debug|Any CPU
		{D51786A3-790D-4D0D-B800-79800F2914A1}.Debug|Any CPU.Build.0 = Debug|Any CPU
		{D51786A3-790D-4D0D-B800-79800F2914A1}.Release|Any CPU.ActiveCfg = Release|Any CPU
		{D51786A3-790D-4D0D-B800-79800F2914A1}.Release|Any CPU.Build.0 = Release|Any CPU
		{55852763-C366-4D77-B624-E39E75BFF8D2}.Debug|Any CPU.ActiveCfg = Debug|Any CPU
		{55852763-C366-4D77-B624-E39E75BFF8D2}.Debug|Any CPU.Build.0 = Debug|Any CPU
		{55852763-C366-4D77-B624-E39E75BFF8D2}.Release|Any CPU.ActiveCfg = Release|Any CPU
		{55852763-C366-4D77-B624-E39E75BFF8D2}.Release|Any CPU.Build.0 = Release|Any CPU
		{6B7F6730-73FE-43E8-9848-6A5B1460FB02}.Debug|Any CPU.ActiveCfg = Debug|Any CPU
		{6B7F6730-73FE-43E8-9848-6A5B1460FB02}.Debug|Any CPU.Build.0 = Debug|Any CPU
		{6B7F6730-73FE-43E8-9848-6A5B1460FB02}.Release|Any CPU.ActiveCfg = Release|Any CPU
		{6B7F6730-73FE-43E8-9848-6A5B1460FB02}.Release|Any CPU.Build.0 = Release|Any CPU
	EndGlobalSection
	GlobalSection(SolutionProperties) = preSolution
		HideSolutionNode = FALSE
	EndGlobalSection
	GlobalSection(ExtensibilityGlobals) = postSolution
		SolutionGuid = {4849ABA3-1D0E-4EC7-9E86-BD716D594CFB}
	EndGlobalSection
EndGlobal
